
Microsoft Visual Studio Solution File, Format Version 12.00
# Visual Studio Version 17
VisualStudioVersion = 17.2.32616.157
MinimumVisualStudioVersion = 10.0.40219.1
Project("{FAE04EC0-301F-11D3-BF4B-00C04F79EFBC}") = "Carro", "Carro\Carro.csproj", "{DA6A922D-3F85-4BD1-A213-52FF1AA53835}"
EndProject
Global
	GlobalSection(SolutionConfigurationPlatforms) = preSolution
		Debug|Any CPU = Debug|Any CPU
		Release|Any CPU = Release|Any CPU
	EndGlobalSection
	GlobalSection(ProjectConfigurationPlatforms) = postSolution
		{DA6A922D-3F85-4BD1-A213-52FF1AA53835}.Debug|Any CPU.ActiveCfg = Debug|Any CPU
		{DA6A922D-3F85-4BD1-A213-52FF1AA53835}.Debug|Any CPU.Build.0 = Debug|Any CPU
		{DA6A922D-3F85-4BD1-A213-52FF1AA53835}.Release|Any CPU.ActiveCfg = Release|Any CPU
		{DA6A922D-3F85-4BD1-A213-52FF1AA53835}.Release|Any CPU.Build.0 = Release|Any CPU
	EndGlobalSection
	GlobalSection(SolutionProperties) = preSolution
		HideSolutionNode = FALSE
	EndGlobalSection
	GlobalSection(ExtensibilityGlobals) = postSolution
		SolutionGuid = {F4DCA3B1-7B71-4629-A53F-99C3068F8553}
	EndGlobalSection
EndGlobal
